// !$*UTF8*$!
{
	archiveVersion = 1;
	classes = {
	};
	objectVersion = 56;
	objects = {

/* Begin PBXBuildFile section */
		053FB7A52A792129005C4A7A /* SFMainCell.swift in Sources */ = {isa = PBXBuildFile; fileRef = 053FB7A42A792129005C4A7A /* SFMainCell.swift */; };
		053FB7A72A7935B9005C4A7A /* SFSkillCell.swift in Sources */ = {isa = PBXBuildFile; fileRef = 053FB7A62A7935B9005C4A7A /* SFSkillCell.swift */; };
		053FB7A92A794729005C4A7A /* SFAboutCell.swift in Sources */ = {isa = PBXBuildFile; fileRef = 053FB7A82A794729005C4A7A /* SFAboutCell.swift */; };
		0574B9822A79644300EAF14C /* MainViewController.swift in Sources */ = {isa = PBXBuildFile; fileRef = 0574B9812A79644300EAF14C /* MainViewController.swift */; };
		0574B9842A798D6400EAF14C /* UIImage + ext.swift in Sources */ = {isa = PBXBuildFile; fileRef = 0574B9832A798D6300EAF14C /* UIImage + ext.swift */; };
		0574B9862A79936E00EAF14C /* UIImagePickerController + ext.swift in Sources */ = {isa = PBXBuildFile; fileRef = 0574B9852A79936E00EAF14C /* UIImagePickerController + ext.swift */; };
		0574B9882A7996B600EAF14C /* BaseButton.swift in Sources */ = {isa = PBXBuildFile; fileRef = 0574B9872A7996B600EAF14C /* BaseButton.swift */; };
		0574B98A2A79970800EAF14C /* SFBiggerButton.swift in Sources */ = {isa = PBXBuildFile; fileRef = 0574B9892A79970800EAF14C /* SFBiggerButton.swift */; };
		0574B98E2A79986600EAF14C /* SFLocationManager.swift in Sources */ = {isa = PBXBuildFile; fileRef = 0574B98D2A79986600EAF14C /* SFLocationManager.swift */; };
		0574B9902A799D8D00EAF14C /* SFSkill.swift in Sources */ = {isa = PBXBuildFile; fileRef = 0574B98F2A799D8D00EAF14C /* SFSkill.swift */; };
		05E8F6992A78FD8800A08B28 /* AppDelegate.swift in Sources */ = {isa = PBXBuildFile; fileRef = 05E8F6982A78FD8800A08B28 /* AppDelegate.swift */; };
		05E8F69B2A78FD8800A08B28 /* SceneDelegate.swift in Sources */ = {isa = PBXBuildFile; fileRef = 05E8F69A2A78FD8800A08B28 /* SceneDelegate.swift */; };
		05E8F6A22A78FD8A00A08B28 /* Assets.xcassets in Resources */ = {isa = PBXBuildFile; fileRef = 05E8F6A12A78FD8A00A08B28 /* Assets.xcassets */; };
		05E8F6A52A78FD8A00A08B28 /* LaunchScreen.storyboard in Resources */ = {isa = PBXBuildFile; fileRef = 05E8F6A32A78FD8A00A08B28 /* LaunchScreen.storyboard */; };
		05E8F6B62A78FFF000A08B28 /* BaseCollectionViewCell.swift in Sources */ = {isa = PBXBuildFile; fileRef = 05E8F6B52A78FFF000A08B28 /* BaseCollectionViewCell.swift */; };
		05E8F6B82A79001500A08B28 /* BaseCollectionReusableView.swift in Sources */ = {isa = PBXBuildFile; fileRef = 05E8F6B72A79001500A08B28 /* BaseCollectionReusableView.swift */; };
		05E8F6BB2A79006000A08B28 /* UICollectionReusableView + ext.swift in Sources */ = {isa = PBXBuildFile; fileRef = 05E8F6BA2A79006000A08B28 /* UICollectionReusableView + ext.swift */; };
		05E8F6BD2A79008000A08B28 /* UICollectionView + ext.swift in Sources */ = {isa = PBXBuildFile; fileRef = 05E8F6BC2A79008000A08B28 /* UICollectionView + ext.swift */; };
		05E8F6BF2A79009500A08B28 /* UIView + ext.swift in Sources */ = {isa = PBXBuildFile; fileRef = 05E8F6BE2A79009500A08B28 /* UIView + ext.swift */; };
		05E8F6C12A7900BE00A08B28 /* Resources.swift in Sources */ = {isa = PBXBuildFile; fileRef = 05E8F6C02A7900BE00A08B28 /* Resources.swift */; };
		05E8F6C42A79066000A08B28 /* BaseCollectionViewController.swift in Sources */ = {isa = PBXBuildFile; fileRef = 05E8F6C32A79066000A08B28 /* BaseCollectionViewController.swift */; };
		05E8F6C72A790C6700A08B28 /* SFHeader.swift in Sources */ = {isa = PBXBuildFile; fileRef = 05E8F6C62A790C6700A08B28 /* SFHeader.swift */; };
/* End PBXBuildFile section */

/* Begin PBXFileReference section */
		053FB7A42A792129005C4A7A /* SFMainCell.swift */ = {isa = PBXFileReference; lastKnownFileType = sourcecode.swift; path = SFMainCell.swift; sourceTree = "<group>"; };
		053FB7A62A7935B9005C4A7A /* SFSkillCell.swift */ = {isa = PBXFileReference; lastKnownFileType = sourcecode.swift; path = SFSkillCell.swift; sourceTree = "<group>"; };
		053FB7A82A794729005C4A7A /* SFAboutCell.swift */ = {isa = PBXFileReference; lastKnownFileType = sourcecode.swift; path = SFAboutCell.swift; sourceTree = "<group>"; };
		0574B9812A79644300EAF14C /* MainViewController.swift */ = {isa = PBXFileReference; lastKnownFileType = sourcecode.swift; path = MainViewController.swift; sourceTree = "<group>"; };
		0574B9832A798D6300EAF14C /* UIImage + ext.swift */ = {isa = PBXFileReference; lastKnownFileType = sourcecode.swift; path = "UIImage + ext.swift"; sourceTree = "<group>"; };
		0574B9852A79936E00EAF14C /* UIImagePickerController + ext.swift */ = {isa = PBXFileReference; lastKnownFileType = sourcecode.swift; path = "UIImagePickerController + ext.swift"; sourceTree = "<group>"; };
		0574B9872A7996B600EAF14C /* BaseButton.swift */ = {isa = PBXFileReference; lastKnownFileType = sourcecode.swift; path = BaseButton.swift; sourceTree = "<group>"; };
		0574B9892A79970800EAF14C /* SFBiggerButton.swift */ = {isa = PBXFileReference; lastKnownFileType = sourcecode.swift; path = SFBiggerButton.swift; sourceTree = "<group>"; };
		0574B98D2A79986600EAF14C /* SFLocationManager.swift */ = {isa = PBXFileReference; lastKnownFileType = sourcecode.swift; path = SFLocationManager.swift; sourceTree = "<group>"; };
		0574B98F2A799D8D00EAF14C /* SFSkill.swift */ = {isa = PBXFileReference; lastKnownFileType = sourcecode.swift; path = SFSkill.swift; sourceTree = "<group>"; };
		05E8F6952A78FD8800A08B28 /* PersonalFormHHApp.app */ = {isa = PBXFileReference; explicitFileType = wrapper.application; includeInIndex = 0; path = PersonalFormHHApp.app; sourceTree = BUILT_PRODUCTS_DIR; };
		05E8F6982A78FD8800A08B28 /* AppDelegate.swift */ = {isa = PBXFileReference; lastKnownFileType = sourcecode.swift; path = AppDelegate.swift; sourceTree = "<group>"; };
		05E8F69A2A78FD8800A08B28 /* SceneDelegate.swift */ = {isa = PBXFileReference; lastKnownFileType = sourcecode.swift; path = SceneDelegate.swift; sourceTree = "<group>"; };
		05E8F6A12A78FD8A00A08B28 /* Assets.xcassets */ = {isa = PBXFileReference; lastKnownFileType = folder.assetcatalog; path = Assets.xcassets; sourceTree = "<group>"; };
		05E8F6A42A78FD8A00A08B28 /* Base */ = {isa = PBXFileReference; lastKnownFileType = file.storyboard; name = Base; path = Base.lproj/LaunchScreen.storyboard; sourceTree = "<group>"; };
		05E8F6A62A78FD8A00A08B28 /* Info.plist */ = {isa = PBXFileReference; lastKnownFileType = text.plist.xml; path = Info.plist; sourceTree = "<group>"; };
		05E8F6B52A78FFF000A08B28 /* BaseCollectionViewCell.swift */ = {isa = PBXFileReference; lastKnownFileType = sourcecode.swift; path = BaseCollectionViewCell.swift; sourceTree = "<group>"; };
		05E8F6B72A79001500A08B28 /* BaseCollectionReusableView.swift */ = {isa = PBXFileReference; lastKnownFileType = sourcecode.swift; path = BaseCollectionReusableView.swift; sourceTree = "<group>"; };
		05E8F6BA2A79006000A08B28 /* UICollectionReusableView + ext.swift */ = {isa = PBXFileReference; lastKnownFileType = sourcecode.swift; path = "UICollectionReusableView + ext.swift"; sourceTree = "<group>"; };
		05E8F6BC2A79008000A08B28 /* UICollectionView + ext.swift */ = {isa = PBXFileReference; lastKnownFileType = sourcecode.swift; path = "UICollectionView + ext.swift"; sourceTree = "<group>"; };
		05E8F6BE2A79009500A08B28 /* UIView + ext.swift */ = {isa = PBXFileReference; lastKnownFileType = sourcecode.swift; path = "UIView + ext.swift"; sourceTree = "<group>"; };
		05E8F6C02A7900BE00A08B28 /* Resources.swift */ = {isa = PBXFileReference; lastKnownFileType = sourcecode.swift; path = Resources.swift; sourceTree = "<group>"; };
		05E8F6C32A79066000A08B28 /* BaseCollectionViewController.swift */ = {isa = PBXFileReference; lastKnownFileType = sourcecode.swift; path = BaseCollectionViewController.swift; sourceTree = "<group>"; };
		05E8F6C62A790C6700A08B28 /* SFHeader.swift */ = {isa = PBXFileReference; lastKnownFileType = sourcecode.swift; path = SFHeader.swift; sourceTree = "<group>"; };
/* End PBXFileReference section */

/* Begin PBXFrameworksBuildPhase section */
		05E8F6922A78FD8800A08B28 /* Frameworks */ = {
			isa = PBXFrameworksBuildPhase;
			buildActionMask = 2147483647;
			files = (
			);
			runOnlyForDeploymentPostprocessing = 0;
		};
/* End PBXFrameworksBuildPhase section */

/* Begin PBXGroup section */
		053FB7A32A792113005C4A7A /* Cells */ = {
			isa = PBXGroup;
			children = (
				053FB7A42A792129005C4A7A /* SFMainCell.swift */,
				053FB7A62A7935B9005C4A7A /* SFSkillCell.swift */,
				053FB7A82A794729005C4A7A /* SFAboutCell.swift */,
			);
			path = Cells;
			sourceTree = "<group>";
		};
		0574B98B2A7997CE00EAF14C /* Buttons */ = {
			isa = PBXGroup;
			children = (
				0574B9892A79970800EAF14C /* SFBiggerButton.swift */,
			);
			path = Buttons;
			sourceTree = "<group>";
		};
		0574B98C2A79981200EAF14C /* Manager */ = {
			isa = PBXGroup;
			children = (
				0574B98D2A79986600EAF14C /* SFLocationManager.swift */,
			);
			path = Manager;
			sourceTree = "<group>";
		};
		05E8F68C2A78FD8800A08B28 = {
			isa = PBXGroup;
			children = (
				05E8F6972A78FD8800A08B28 /* PersonalFormHHApp */,
				05E8F6962A78FD8800A08B28 /* Products */,
			);
			sourceTree = "<group>";
		};
		05E8F6962A78FD8800A08B28 /* Products */ = {
			isa = PBXGroup;
			children = (
				05E8F6952A78FD8800A08B28 /* PersonalFormHHApp.app */,
			);
			name = Products;
			sourceTree = "<group>";
		};
		05E8F6972A78FD8800A08B28 /* PersonalFormHHApp */ = {
			isa = PBXGroup;
			children = (
				05E8F6AC2A78FE8000A08B28 /* Application */,
				05E8F6AD2A78FEBA00A08B28 /* Domain */,
				05E8F6AE2A78FEBF00A08B28 /* Helpers */,
				05E8F6AF2A78FEC500A08B28 /* Scenes */,
				05E8F6B02A78FEC900A08B28 /* Supporting */,
			);
			path = PersonalFormHHApp;
			sourceTree = "<group>";
		};
		05E8F6AC2A78FE8000A08B28 /* Application */ = {
			isa = PBXGroup;
			children = (
				05E8F6982A78FD8800A08B28 /* AppDelegate.swift */,
				05E8F69A2A78FD8800A08B28 /* SceneDelegate.swift */,
			);
			path = Application;
			sourceTree = "<group>";
		};
		05E8F6AD2A78FEBA00A08B28 /* Domain */ = {
			isa = PBXGroup;
			children = (
				0574B98F2A799D8D00EAF14C /* SFSkill.swift */,
			);
			path = Domain;
			sourceTree = "<group>";
		};
		05E8F6AE2A78FEBF00A08B28 /* Helpers */ = {
			isa = PBXGroup;
			children = (
				05E8F6B92A79005000A08B28 /* Extensions */,
				05E8F6C02A7900BE00A08B28 /* Resources.swift */,
			);
			path = Helpers;
			sourceTree = "<group>";
		};
		05E8F6AF2A78FEC500A08B28 /* Scenes */ = {
			isa = PBXGroup;
			children = (
				05E8F6B12A78FF3900A08B28 /* Main */,
			);
			path = Scenes;
			sourceTree = "<group>";
		};
		05E8F6B02A78FEC900A08B28 /* Supporting */ = {
			isa = PBXGroup;
			children = (
				05E8F6A12A78FD8A00A08B28 /* Assets.xcassets */,
				05E8F6A32A78FD8A00A08B28 /* LaunchScreen.storyboard */,
				05E8F6A62A78FD8A00A08B28 /* Info.plist */,
			);
			path = Supporting;
			sourceTree = "<group>";
		};
		05E8F6B12A78FF3900A08B28 /* Main */ = {
			isa = PBXGroup;
			children = (
				0574B98C2A79981200EAF14C /* Manager */,
				05E8F6B32A78FF4600A08B28 /* View */,
				05E8F6B22A78FF3F00A08B28 /* Controller */,
			);
			path = Main;
			sourceTree = "<group>";
		};
		05E8F6B22A78FF3F00A08B28 /* Controller */ = {
			isa = PBXGroup;
			children = (
				0574B9812A79644300EAF14C /* MainViewController.swift */,
			);
			path = Controller;
			sourceTree = "<group>";
		};
		05E8F6B32A78FF4600A08B28 /* View */ = {
			isa = PBXGroup;
			children = (
				05E8F6B42A78FFB100A08B28 /* Base */,
				0574B98B2A7997CE00EAF14C /* Buttons */,
				05E8F6C52A790C2100A08B28 /* SupplementaryItems */,
				053FB7A32A792113005C4A7A /* Cells */,
			);
			path = View;
			sourceTree = "<group>";
		};
		05E8F6B42A78FFB100A08B28 /* Base */ = {
			isa = PBXGroup;
			children = (
				05E8F6B52A78FFF000A08B28 /* BaseCollectionViewCell.swift */,
				05E8F6B72A79001500A08B28 /* BaseCollectionReusableView.swift */,
				05E8F6C32A79066000A08B28 /* BaseCollectionViewController.swift */,
				0574B9872A7996B600EAF14C /* BaseButton.swift */,
			);
			path = Base;
			sourceTree = "<group>";
		};
		05E8F6B92A79005000A08B28 /* Extensions */ = {
			isa = PBXGroup;
			children = (
				05E8F6BA2A79006000A08B28 /* UICollectionReusableView + ext.swift */,
				05E8F6BC2A79008000A08B28 /* UICollectionView + ext.swift */,
				05E8F6BE2A79009500A08B28 /* UIView + ext.swift */,
				0574B9832A798D6300EAF14C /* UIImage + ext.swift */,
				0574B9852A79936E00EAF14C /* UIImagePickerController + ext.swift */,
			);
			path = Extensions;
			sourceTree = "<group>";
		};
		05E8F6C52A790C2100A08B28 /* SupplementaryItems */ = {
			isa = PBXGroup;
			children = (
				05E8F6C62A790C6700A08B28 /* SFHeader.swift */,
			);
			path = SupplementaryItems;
			sourceTree = "<group>";
		};
/* End PBXGroup section */

/* Begin PBXNativeTarget section */
		05E8F6942A78FD8800A08B28 /* PersonalFormHHApp */ = {
			isa = PBXNativeTarget;
			buildConfigurationList = 05E8F6A92A78FD8A00A08B28 /* Build configuration list for PBXNativeTarget "PersonalFormHHApp" */;
			buildPhases = (
				05E8F6912A78FD8800A08B28 /* Sources */,
				05E8F6922A78FD8800A08B28 /* Frameworks */,
				05E8F6932A78FD8800A08B28 /* Resources */,
			);
			buildRules = (
			);
			dependencies = (
			);
			name = PersonalFormHHApp;
			productName = PersonalFormHHApp;
			productReference = 05E8F6952A78FD8800A08B28 /* PersonalFormHHApp.app */;
			productType = "com.apple.product-type.application";
		};
/* End PBXNativeTarget section */

/* Begin PBXProject section */
		05E8F68D2A78FD8800A08B28 /* Project object */ = {
			isa = PBXProject;
			attributes = {
				BuildIndependentTargetsInParallel = 1;
				LastSwiftUpdateCheck = 1430;
				LastUpgradeCheck = 1430;
				TargetAttributes = {
					05E8F6942A78FD8800A08B28 = {
						CreatedOnToolsVersion = 14.3;
					};
				};
			};
			buildConfigurationList = 05E8F6902A78FD8800A08B28 /* Build configuration list for PBXProject "PersonalFormHHApp" */;
			compatibilityVersion = "Xcode 14.0";
			developmentRegion = en;
			hasScannedForEncodings = 0;
			knownRegions = (
				en,
				Base,
			);
			mainGroup = 05E8F68C2A78FD8800A08B28;
			productRefGroup = 05E8F6962A78FD8800A08B28 /* Products */;
			projectDirPath = "";
			projectRoot = "";
			targets = (
				05E8F6942A78FD8800A08B28 /* PersonalFormHHApp */,
			);
		};
/* End PBXProject section */

/* Begin PBXResourcesBuildPhase section */
		05E8F6932A78FD8800A08B28 /* Resources */ = {
			isa = PBXResourcesBuildPhase;
			buildActionMask = 2147483647;
			files = (
				05E8F6A52A78FD8A00A08B28 /* LaunchScreen.storyboard in Resources */,
				05E8F6A22A78FD8A00A08B28 /* Assets.xcassets in Resources */,
			);
			runOnlyForDeploymentPostprocessing = 0;
		};
/* End PBXResourcesBuildPhase section */

/* Begin PBXSourcesBuildPhase section */
		05E8F6912A78FD8800A08B28 /* Sources */ = {
			isa = PBXSourcesBuildPhase;
			buildActionMask = 2147483647;
			files = (
				0574B9902A799D8D00EAF14C /* SFSkill.swift in Sources */,
				053FB7A92A794729005C4A7A /* SFAboutCell.swift in Sources */,
				053FB7A52A792129005C4A7A /* SFMainCell.swift in Sources */,
				05E8F6BB2A79006000A08B28 /* UICollectionReusableView + ext.swift in Sources */,
				0574B98A2A79970800EAF14C /* SFBiggerButton.swift in Sources */,
				05E8F6BF2A79009500A08B28 /* UIView + ext.swift in Sources */,
				0574B9882A7996B600EAF14C /* BaseButton.swift in Sources */,
				05E8F6C72A790C6700A08B28 /* SFHeader.swift in Sources */,
				05E8F6B82A79001500A08B28 /* BaseCollectionReusableView.swift in Sources */,
				05E8F6BD2A79008000A08B28 /* UICollectionView + ext.swift in Sources */,
				05E8F6B62A78FFF000A08B28 /* BaseCollectionViewCell.swift in Sources */,
				0574B98E2A79986600EAF14C /* SFLocationManager.swift in Sources */,
				0574B9862A79936E00EAF14C /* UIImagePickerController + ext.swift in Sources */,
				05E8F6C12A7900BE00A08B28 /* Resources.swift in Sources */,
				053FB7A72A7935B9005C4A7A /* SFSkillCell.swift in Sources */,
				0574B9842A798D6400EAF14C /* UIImage + ext.swift in Sources */,
				05E8F6992A78FD8800A08B28 /* AppDelegate.swift in Sources */,
				05E8F69B2A78FD8800A08B28 /* SceneDelegate.swift in Sources */,
				0574B9822A79644300EAF14C /* MainViewController.swift in Sources */,
				05E8F6C42A79066000A08B28 /* BaseCollectionViewController.swift in Sources */,
			);
			runOnlyForDeploymentPostprocessing = 0;
		};
/* End PBXSourcesBuildPhase section */

/* Begin PBXVariantGroup section */
		05E8F6A32A78FD8A00A08B28 /* LaunchScreen.storyboard */ = {
			isa = PBXVariantGroup;
			children = (
				05E8F6A42A78FD8A00A08B28 /* Base */,
			);
			name = LaunchScreen.storyboard;
			sourceTree = "<group>";
		};
/* End PBXVariantGroup section */

/* Begin XCBuildConfiguration section */
		05E8F6A72A78FD8A00A08B28 /* Debug */ = {
			isa = XCBuildConfiguration;
			buildSettings = {
				ALWAYS_SEARCH_USER_PATHS = NO;
				CLANG_ANALYZER_NONNULL = YES;
				CLANG_ANALYZER_NUMBER_OBJECT_CONVERSION = YES_AGGRESSIVE;
				CLANG_CXX_LANGUAGE_STANDARD = "gnu++20";
				CLANG_ENABLE_MODULES = YES;
				CLANG_ENABLE_OBJC_ARC = YES;
				CLANG_ENABLE_OBJC_WEAK = YES;
				CLANG_WARN_BLOCK_CAPTURE_AUTORELEASING = YES;
				CLANG_WARN_BOOL_CONVERSION = YES;
				CLANG_WARN_COMMA = YES;
				CLANG_WARN_CONSTANT_CONVERSION = YES;
				CLANG_WARN_DEPRECATED_OBJC_IMPLEMENTATIONS = YES;
				CLANG_WARN_DIRECT_OBJC_ISA_USAGE = YES_ERROR;
				CLANG_WARN_DOCUMENTATION_COMMENTS = YES;
				CLANG_WARN_EMPTY_BODY = YES;
				CLANG_WARN_ENUM_CONVERSION = YES;
				CLANG_WARN_INFINITE_RECURSION = YES;
				CLANG_WARN_INT_CONVERSION = YES;
				CLANG_WARN_NON_LITERAL_NULL_CONVERSION = YES;
				CLANG_WARN_OBJC_IMPLICIT_RETAIN_SELF = YES;
				CLANG_WARN_OBJC_LITERAL_CONVERSION = YES;
				CLANG_WARN_OBJC_ROOT_CLASS = YES_ERROR;
				CLANG_WARN_QUOTED_INCLUDE_IN_FRAMEWORK_HEADER = YES;
				CLANG_WARN_RANGE_LOOP_ANALYSIS = YES;
				CLANG_WARN_STRICT_PROTOTYPES = YES;
				CLANG_WARN_SUSPICIOUS_MOVE = YES;
				CLANG_WARN_UNGUARDED_AVAILABILITY = YES_AGGRESSIVE;
				CLANG_WARN_UNREACHABLE_CODE = YES;
				CLANG_WARN__DUPLICATE_METHOD_MATCH = YES;
				COPY_PHASE_STRIP = NO;
				DEBUG_INFORMATION_FORMAT = dwarf;
				ENABLE_STRICT_OBJC_MSGSEND = YES;
				ENABLE_TESTABILITY = YES;
				GCC_C_LANGUAGE_STANDARD = gnu11;
				GCC_DYNAMIC_NO_PIC = NO;
				GCC_NO_COMMON_BLOCKS = YES;
				GCC_OPTIMIZATION_LEVEL = 0;
				GCC_PREPROCESSOR_DEFINITIONS = (
					"DEBUG=1",
					"$(inherited)",
				);
				GCC_WARN_64_TO_32_BIT_CONVERSION = YES;
				GCC_WARN_ABOUT_RETURN_TYPE = YES_ERROR;
				GCC_WARN_UNDECLARED_SELECTOR = YES;
				GCC_WARN_UNINITIALIZED_AUTOS = YES_AGGRESSIVE;
				GCC_WARN_UNUSED_FUNCTION = YES;
				GCC_WARN_UNUSED_VARIABLE = YES;
				IPHONEOS_DEPLOYMENT_TARGET = 16.4;
				MTL_ENABLE_DEBUG_INFO = INCLUDE_SOURCE;
				MTL_FAST_MATH = YES;
				ONLY_ACTIVE_ARCH = YES;
				SDKROOT = iphoneos;
				SWIFT_ACTIVE_COMPILATION_CONDITIONS = DEBUG;
				SWIFT_OPTIMIZATION_LEVEL = "-Onone";
			};
			name = Debug;
		};
		05E8F6A82A78FD8A00A08B28 /* Release */ = {
			isa = XCBuildConfiguration;
			buildSettings = {
				ALWAYS_SEARCH_USER_PATHS = NO;
				CLANG_ANALYZER_NONNULL = YES;
				CLANG_ANALYZER_NUMBER_OBJECT_CONVERSION = YES_AGGRESSIVE;
				CLANG_CXX_LANGUAGE_STANDARD = "gnu++20";
				CLANG_ENABLE_MODULES = YES;
				CLANG_ENABLE_OBJC_ARC = YES;
				CLANG_ENABLE_OBJC_WEAK = YES;
				CLANG_WARN_BLOCK_CAPTURE_AUTORELEASING = YES;
				CLANG_WARN_BOOL_CONVERSION = YES;
				CLANG_WARN_COMMA = YES;
				CLANG_WARN_CONSTANT_CONVERSION = YES;
				CLANG_WARN_DEPRECATED_OBJC_IMPLEMENTATIONS = YES;
				CLANG_WARN_DIRECT_OBJC_ISA_USAGE = YES_ERROR;
				CLANG_WARN_DOCUMENTATION_COMMENTS = YES;
				CLANG_WARN_EMPTY_BODY = YES;
				CLANG_WARN_ENUM_CONVERSION = YES;
				CLANG_WARN_INFINITE_RECURSION = YES;
				CLANG_WARN_INT_CONVERSION = YES;
				CLANG_WARN_NON_LITERAL_NULL_CONVERSION = YES;
				CLANG_WARN_OBJC_IMPLICIT_RETAIN_SELF = YES;
				CLANG_WARN_OBJC_LITERAL_CONVERSION = YES;
				CLANG_WARN_OBJC_ROOT_CLASS = YES_ERROR;
				CLANG_WARN_QUOTED_INCLUDE_IN_FRAMEWORK_HEADER = YES;
				CLANG_WARN_RANGE_LOOP_ANALYSIS = YES;
				CLANG_WARN_STRICT_PROTOTYPES = YES;
				CLANG_WARN_SUSPICIOUS_MOVE = YES;
				CLANG_WARN_UNGUARDED_AVAILABILITY = YES_AGGRESSIVE;
				CLANG_WARN_UNREACHABLE_CODE = YES;
				CLANG_WARN__DUPLICATE_METHOD_MATCH = YES;
				COPY_PHASE_STRIP = NO;
				DEBUG_INFORMATION_FORMAT = "dwarf-with-dsym";
				ENABLE_NS_ASSERTIONS = NO;
				ENABLE_STRICT_OBJC_MSGSEND = YES;
				GCC_C_LANGUAGE_STANDARD = gnu11;
				GCC_NO_COMMON_BLOCKS = YES;
				GCC_WARN_64_TO_32_BIT_CONVERSION = YES;
				GCC_WARN_ABOUT_RETURN_TYPE = YES_ERROR;
				GCC_WARN_UNDECLARED_SELECTOR = YES;
				GCC_WARN_UNINITIALIZED_AUTOS = YES_AGGRESSIVE;
				GCC_WARN_UNUSED_FUNCTION = YES;
				GCC_WARN_UNUSED_VARIABLE = YES;
				IPHONEOS_DEPLOYMENT_TARGET = 16.4;
				MTL_ENABLE_DEBUG_INFO = NO;
				MTL_FAST_MATH = YES;
				SDKROOT = iphoneos;
				SWIFT_COMPILATION_MODE = wholemodule;
				SWIFT_OPTIMIZATION_LEVEL = "-O";
				VALIDATE_PRODUCT = YES;
			};
			name = Release;
		};
		05E8F6AA2A78FD8A00A08B28 /* Debug */ = {
			isa = XCBuildConfiguration;
			buildSettings = {
				ASSETCATALOG_COMPILER_APPICON_NAME = AppIcon;
				ASSETCATALOG_COMPILER_GLOBAL_ACCENT_COLOR_NAME = AccentColor;
				CODE_SIGN_STYLE = Automatic;
				CURRENT_PROJECT_VERSION = 1;
				DEVELOPMENT_TEAM = 94Y6332Y3J;
				GENERATE_INFOPLIST_FILE = YES;
				INFOPLIST_FILE = PersonalFormHHApp/Supporting/Info.plist;
				INFOPLIST_KEY_UIApplicationSupportsIndirectInputEvents = YES;
				INFOPLIST_KEY_UILaunchStoryboardName = LaunchScreen;
				INFOPLIST_KEY_UISupportedInterfaceOrientations_iPad = "UIInterfaceOrientationPortrait UIInterfaceOrientationPortraitUpsideDown UIInterfaceOrientationLandscapeLeft UIInterfaceOrientationLandscapeRight";
				INFOPLIST_KEY_UISupportedInterfaceOrientations_iPhone = "UIInterfaceOrientationPortrait UIInterfaceOrientationLandscapeLeft UIInterfaceOrientationLandscapeRight";
				LD_RUNPATH_SEARCH_PATHS = (
					"$(inherited)",
					"@executable_path/Frameworks",
				);
				MARKETING_VERSION = 1.0;
				PRODUCT_BUNDLE_IDENTIFIER = com.cantt39t.PersonalFormHHApp;
				PRODUCT_NAME = "$(TARGET_NAME)";
				SWIFT_EMIT_LOC_STRINGS = YES;
				SWIFT_VERSION = 5.0;
				TARGETED_DEVICE_FAMILY = "1,2";
			};
			name = Debug;
		};
		05E8F6AB2A78FD8A00A08B28 /* Release */ = {
			isa = XCBuildConfiguration;
			buildSettings = {
				ASSETCATALOG_COMPILER_APPICON_NAME = AppIcon;
				ASSETCATALOG_COMPILER_GLOBAL_ACCENT_COLOR_NAME = AccentColor;
				CODE_SIGN_STYLE = Automatic;
				CURRENT_PROJECT_VERSION = 1;
				DEVELOPMENT_TEAM = 94Y6332Y3J;
				GENERATE_INFOPLIST_FILE = YES;
				INFOPLIST_FILE = PersonalFormHHApp/Supporting/Info.plist;
				INFOPLIST_KEY_UIApplicationSupportsIndirectInputEvents = YES;
				INFOPLIST_KEY_UILaunchStoryboardName = LaunchScreen;
				INFOPLIST_KEY_UISupportedInterfaceOrientations_iPad = "UIInterfaceOrientationPortrait UIInterfaceOrientationPortraitUpsideDown UIInterfaceOrientationLandscapeLeft UIInterfaceOrientationLandscapeRight";
				INFOPLIST_KEY_UISupportedInterfaceOrientations_iPhone = "UIInterfaceOrientationPortrait UIInterfaceOrientationLandscapeLeft UIInterfaceOrientationLandscapeRight";
				LD_RUNPATH_SEARCH_PATHS = (
					"$(inherited)",
					"@executable_path/Frameworks",
				);
				MARKETING_VERSION = 1.0;
				PRODUCT_BUNDLE_IDENTIFIER = com.cantt39t.PersonalFormHHApp;
				PRODUCT_NAME = "$(TARGET_NAME)";
				SWIFT_EMIT_LOC_STRINGS = YES;
				SWIFT_VERSION = 5.0;
				TARGETED_DEVICE_FAMILY = "1,2";
			};
			name = Release;
		};
/* End XCBuildConfiguration section */

/* Begin XCConfigurationList section */
		05E8F6902A78FD8800A08B28 /* Build configuration list for PBXProject "PersonalFormHHApp" */ = {
			isa = XCConfigurationList;
			buildConfigurations = (
				05E8F6A72A78FD8A00A08B28 /* Debug */,
				05E8F6A82A78FD8A00A08B28 /* Release */,
			);
			defaultConfigurationIsVisible = 0;
			defaultConfigurationName = Release;
		};
		05E8F6A92A78FD8A00A08B28 /* Build configuration list for PBXNativeTarget "PersonalFormHHApp" */ = {
			isa = XCConfigurationList;
			buildConfigurations = (
				05E8F6AA2A78FD8A00A08B28 /* Debug */,
				05E8F6AB2A78FD8A00A08B28 /* Release */,
			);
			defaultConfigurationIsVisible = 0;
			defaultConfigurationName = Release;
		};
/* End XCConfigurationList section */
	};
	rootObject = 05E8F68D2A78FD8800A08B28 /* Project object */;
}
